Microsoft Visual Studio Solution File, Format Version 12.00
Project("{00000000-0000-0000-0000-000000000000}") = "AutoRefineOpenAI", "AutoRefineOpenAI\AutoRefineOpenAI\AutoRefineOpenAI.csproj", "{8687D0CB-F255-4F41-9EEA-D11CFA2DE3D2}"
EndProject
Project("{00000000-0000-0000-0000-000000000000}") = "Services", "Services\Services.csproj", "{A1B2C3D4-E5F6-7890-1234-56789ABCDEF0}"
EndProject
Project("{00000000-0000-0000-0000-000000000000}") = "UTests", "UTests\UTests.csproj", "{B2C3D4E5-F678-9012-3456-7890ABCDEF12}"
EndProject
Project("{FAE04EC0-301F-11D3-BF4B-00C04F79EFBC}") = "Infra", "Infra\Infra.csproj", "{D57B25E5-A401-4C71-A1E0-3B6FF2742FEE}"
EndProject
Project("{FAE04EC0-301F-11D3-BF4B-00C04F79EFBC}") = "OpenAILambda", "OpenAILambda\src\OpenAILambda\OpenAILambda.csproj", "{3FA32C45-E88B-4DA3-B929-1438B6FEAE1F}"
EndProject
Global
	GlobalSection(SolutionConfigurationPlatforms) = preSolution
		Debug|Any CPU = Debug|Any CPU
		Release|Any CPU = Release|Any CPU
	EndGlobalSection
	GlobalSection(ProjectConfigurationPlatforms) = postSolution
		{8687D0CB-F255-4F41-9EEA-D11CFA2DE3D2}.Debug|Any CPU.ActiveCfg = Debug|Any CPU
		{8687D0CB-F255-4F41-9EEA-D11CFA2DE3D2}.Debug|Any CPU.Build.0 = Debug|Any CPU
		{8687D0CB-F255-4F41-9EEA-D11CFA2DE3D2}.Release|Any CPU.ActiveCfg = Release|Any CPU
		{8687D0CB-F255-4F41-9EEA-D11CFA2DE3D2}.Release|Any CPU.Build.0 = Release|Any CPU
		{A1B2C3D4-E5F6-7890-1234-56789ABCDEF0}.Debug|Any CPU.ActiveCfg = Debug|Any CPU
		{A1B2C3D4-E5F6-7890-1234-56789ABCDEF0}.Debug|Any CPU.Build.0 = Debug|Any CPU
		{A1B2C3D4-E5F6-7890-1234-56789ABCDEF0}.Release|Any CPU.ActiveCfg = Release|Any CPU
		{A1B2C3D4-E5F6-7890-1234-56789ABCDEF0}.Release|Any CPU.Build.0 = Release|Any CPU
		{B2C3D4E5-F678-9012-3456-7890ABCDEF12}.Debug|Any CPU.ActiveCfg = Debug|Any CPU
		{B2C3D4E5-F678-9012-3456-7890ABCDEF12}.Debug|Any CPU.Build.0 = Debug|Any CPU
		{B2C3D4E5-F678-9012-3456-7890ABCDEF12}.Release|Any CPU.ActiveCfg = Release|Any CPU
		{B2C3D4E5-F678-9012-3456-7890ABCDEF12}.Release|Any CPU.Build.0 = Release|Any CPU
		{D57B25E5-A401-4C71-A1E0-3B6FF2742FEE}.Debug|Any CPU.ActiveCfg = Debug|Any CPU
		{D57B25E5-A401-4C71-A1E0-3B6FF2742FEE}.Debug|Any CPU.Build.0 = Debug|Any CPU
		{D57B25E5-A401-4C71-A1E0-3B6FF2742FEE}.Release|Any CPU.ActiveCfg = Release|Any CPU
		{D57B25E5-A401-4C71-A1E0-3B6FF2742FEE}.Release|Any CPU.Build.0 = Release|Any CPU
		{3FA32C45-E88B-4DA3-B929-1438B6FEAE1F}.Debug|Any CPU.ActiveCfg = Debug|Any CPU
		{3FA32C45-E88B-4DA3-B929-1438B6FEAE1F}.Debug|Any CPU.Build.0 = Debug|Any CPU
		{3FA32C45-E88B-4DA3-B929-1438B6FEAE1F}.Release|Any CPU.ActiveCfg = Release|Any CPU
		{3FA32C45-E88B-4DA3-B929-1438B6FEAE1F}.Release|Any CPU.Build.0 = Release|Any CPU
	EndGlobalSection
EndGlobal
