Microsoft Visual Studio Solution File, Format Version 12.00
# Visual Studio Version 17
VisualStudioVersion = 17.5.2.0
MinimumVisualStudioVersion = 10.0.40219.1
Project("{FAE04EC0-301F-11D3-BF4B-00C04F79EFBC}") = "UTests", "UTests\UTests.csproj", "{FEC3BF34-5007-527F-0352-2CCA9C41F310}"
EndProject
Project("{FAE04EC0-301F-11D3-BF4B-00C04F79EFBC}") = "Services", "Services\Services.csproj", "{97207750-6972-232F-BB7B-6106666106AF}"
EndProject
Project("{FAE04EC0-301F-11D3-BF4B-00C04F79EFBC}") = "AutoRefineOpenAI", "AutoRefineOpenAI\AutoRefineOpenAI\AutoRefineOpenAI.csproj", "{D823F9C5-54DA-A303-3B58-3C79BCADCDE6}"
EndProject
Project("{FAE04EC0-301F-11D3-BF4B-00C04F79EFBC}") = "Infra", "Infra\Infra.csproj", "{A35BD33B-8995-4E28-8E9F-43E9175AE1CE}"
EndProject
Project("{FAE04EC0-301F-11D3-BF4B-00C04F79EFBC}") = "OpenAILambda", "OpenAILambda\src\OpenAILambda\OpenAILambda.csproj", "{45D07E1C-DE1B-40AE-87D6-D6724B8C614D}"
EndProject
Global
	GlobalSection(SolutionConfigurationPlatforms) = preSolution
		Debug|Any CPU = Debug|Any CPU
		Release|Any CPU = Release|Any CPU
	EndGlobalSection
	GlobalSection(ProjectConfigurationPlatforms) = postSolution
		{FEC3BF34-5007-527F-0352-2CCA9C41F310}.Debug|Any CPU.ActiveCfg = Debug|Any CPU
		{FEC3BF34-5007-527F-0352-2CCA9C41F310}.Debug|Any CPU.Build.0 = Debug|Any CPU
		{FEC3BF34-5007-527F-0352-2CCA9C41F310}.Release|Any CPU.ActiveCfg = Release|Any CPU
		{FEC3BF34-5007-527F-0352-2CCA9C41F310}.Release|Any CPU.Build.0 = Release|Any CPU
		{97207750-6972-232F-BB7B-6106666106AF}.Debug|Any CPU.ActiveCfg = Debug|Any CPU
		{97207750-6972-232F-BB7B-6106666106AF}.Debug|Any CPU.Build.0 = Debug|Any CPU
		{97207750-6972-232F-BB7B-6106666106AF}.Release|Any CPU.ActiveCfg = Release|Any CPU
		{97207750-6972-232F-BB7B-6106666106AF}.Release|Any CPU.Build.0 = Release|Any CPU
		{D823F9C5-54DA-A303-3B58-3C79BCADCDE6}.Debug|Any CPU.ActiveCfg = Debug|Any CPU
		{D823F9C5-54DA-A303-3B58-3C79BCADCDE6}.Debug|Any CPU.Build.0 = Debug|Any CPU
		{D823F9C5-54DA-A303-3B58-3C79BCADCDE6}.Release|Any CPU.ActiveCfg = Release|Any CPU
		{D823F9C5-54DA-A303-3B58-3C79BCADCDE6}.Release|Any CPU.Build.0 = Release|Any CPU
		{A35BD33B-8995-4E28-8E9F-43E9175AE1CE}.Debug|Any CPU.ActiveCfg = Debug|Any CPU
		{A35BD33B-8995-4E28-8E9F-43E9175AE1CE}.Debug|Any CPU.Build.0 = Debug|Any CPU
		{A35BD33B-8995-4E28-8E9F-43E9175AE1CE}.Release|Any CPU.ActiveCfg = Release|Any CPU
		{A35BD33B-8995-4E28-8E9F-43E9175AE1CE}.Release|Any CPU.Build.0 = Release|Any CPU
		{45D07E1C-DE1B-40AE-87D6-D6724B8C614D}.Debug|Any CPU.ActiveCfg = Debug|Any CPU
		{45D07E1C-DE1B-40AE-87D6-D6724B8C614D}.Debug|Any CPU.Build.0 = Debug|Any CPU
		{45D07E1C-DE1B-40AE-87D6-D6724B8C614D}.Release|Any CPU.ActiveCfg = Release|Any CPU
		{45D07E1C-DE1B-40AE-87D6-D6724B8C614D}.Release|Any CPU.Build.0 = Release|Any CPU
	EndGlobalSection
	GlobalSection(SolutionProperties) = preSolution
		HideSolutionNode = FALSE
	EndGlobalSection
	GlobalSection(NestedProjects) = preSolution
	EndGlobalSection
	GlobalSection(ExtensibilityGlobals) = postSolution
		SolutionGuid = {005F56CD-CAF4-4A95-A259-E636AAA4436D}
	EndGlobalSection
EndGlobal
